
Microsoft Visual Studio Solution File, Format Version 11.00
# Visual Studio 2010
Project("{FAE04EC0-301F-11D3-BF4B-00C04F79EFBC}") = "OpenTK", "Source\OpenTK\OpenTK.csproj", "{A37A7E14-0000-0000-0000-000000000000}"
	ProjectSection(ProjectDependencies) = postProject
		{75DC22B1-113F-4A66-96B9-2FF8208C10E8} = {75DC22B1-113F-4A66-96B9-2FF8208C10E8}
	EndProjectSection
EndProject
Project("{FAE04EC0-301F-11D3-BF4B-00C04F79EFBC}") = "OpenTK.GLControl", "Source\GLControl\OpenTK.GLControl.csproj", "{A625BE88-0000-0000-0000-000000000000}"
	ProjectSection(ProjectDependencies) = postProject
		{75DC22B1-113F-4A66-96B9-2FF8208C10E8} = {75DC22B1-113F-4A66-96B9-2FF8208C10E8}
	EndProjectSection
EndProject
Project("{FAE04EC0-301F-11D3-BF4B-00C04F79EFBC}") = "Generator.Bind", "Source\Bind\Generator.Bind.csproj", "{31D19132-0000-0000-0000-000000000000}"
	ProjectSection(ProjectDependencies) = postProject
		{75DC22B1-113F-4A66-96B9-2FF8208C10E8} = {75DC22B1-113F-4A66-96B9-2FF8208C10E8}
	EndProjectSection
EndProject
Project("{FAE04EC0-301F-11D3-BF4B-00C04F79EFBC}") = "Generator.Convert", "Source\Converter\Generator.Convert.csproj", "{5FDFF4B6-0000-0000-0000-000000000000}"
	ProjectSection(ProjectDependencies) = postProject
		{75DC22B1-113F-4A66-96B9-2FF8208C10E8} = {75DC22B1-113F-4A66-96B9-2FF8208C10E8}
	EndProjectSection
EndProject
Project("{FAE04EC0-301F-11D3-BF4B-00C04F79EFBC}") = "OpenTK.GLWidget", "Source\GLWidget\OpenTK.GLWidget.csproj", "{F6E5AC35-2F3A-4EC8-A144-CC275F2A64F4}"
EndProject
Project("{FAE04EC0-301F-11D3-BF4B-00C04F79EFBC}") = "Generator.Template", "Source\Generator.Template\Generator.Template.csproj", "{F8986161-7A55-4C0F-9B4D-B12CD4A3B1B1}"
EndProject
Global
	GlobalSection(SolutionConfigurationPlatforms) = preSolution
		Debug|Any CPU = Debug|Any CPU
		Documentation|Any CPU = Documentation|Any CPU
		Nsis|Any CPU = Nsis|Any CPU
		Release|Any CPU = Release|Any CPU
	EndGlobalSection
	GlobalSection(ProjectConfigurationPlatforms) = postSolution
		{31D19132-0000-0000-0000-000000000000}.Debug|Any CPU.ActiveCfg = Debug|Any CPU
		{31D19132-0000-0000-0000-000000000000}.Debug|Any CPU.Build.0 = Debug|Any CPU
		{31D19132-0000-0000-0000-000000000000}.Documentation|Any CPU.ActiveCfg = Documentation|Any CPU
		{31D19132-0000-0000-0000-000000000000}.Nsis|Any CPU.ActiveCfg = Nsis|Any CPU
		{31D19132-0000-0000-0000-000000000000}.Nsis|Any CPU.Build.0 = Nsis|Any CPU
		{31D19132-0000-0000-0000-000000000000}.Release|Any CPU.ActiveCfg = Release|Any CPU
		{31D19132-0000-0000-0000-000000000000}.Release|Any CPU.Build.0 = Release|Any CPU
		{5FDFF4B6-0000-0000-0000-000000000000}.Debug|Any CPU.ActiveCfg = Debug|Any CPU
		{5FDFF4B6-0000-0000-0000-000000000000}.Debug|Any CPU.Build.0 = Debug|Any CPU
		{5FDFF4B6-0000-0000-0000-000000000000}.Documentation|Any CPU.ActiveCfg = Documentation|Any CPU
		{5FDFF4B6-0000-0000-0000-000000000000}.Nsis|Any CPU.ActiveCfg = Nsis|Any CPU
		{5FDFF4B6-0000-0000-0000-000000000000}.Nsis|Any CPU.Build.0 = Nsis|Any CPU
		{5FDFF4B6-0000-0000-0000-000000000000}.Release|Any CPU.ActiveCfg = Release|Any CPU
		{5FDFF4B6-0000-0000-0000-000000000000}.Release|Any CPU.Build.0 = Release|Any CPU
		{A37A7E14-0000-0000-0000-000000000000}.Debug|Any CPU.ActiveCfg = Debug|Any CPU
		{A37A7E14-0000-0000-0000-000000000000}.Debug|Any CPU.Build.0 = Debug|Any CPU
		{A37A7E14-0000-0000-0000-000000000000}.Documentation|Any CPU.ActiveCfg = Documentation|Any CPU
		{A37A7E14-0000-0000-0000-000000000000}.Nsis|Any CPU.ActiveCfg = Nsis|Any CPU
		{A37A7E14-0000-0000-0000-000000000000}.Nsis|Any CPU.Build.0 = Nsis|Any CPU
		{A37A7E14-0000-0000-0000-000000000000}.Release|Any CPU.ActiveCfg = Release|Any CPU
		{A37A7E14-0000-0000-0000-000000000000}.Release|Any CPU.Build.0 = Release|Any CPU
		{A625BE88-0000-0000-0000-000000000000}.Debug|Any CPU.ActiveCfg = Debug|Any CPU
		{A625BE88-0000-0000-0000-000000000000}.Debug|Any CPU.Build.0 = Debug|Any CPU
		{A625BE88-0000-0000-0000-000000000000}.Documentation|Any CPU.ActiveCfg = Documentation|Any CPU
		{A625BE88-0000-0000-0000-000000000000}.Nsis|Any CPU.ActiveCfg = Nsis|Any CPU
		{A625BE88-0000-0000-0000-000000000000}.Nsis|Any CPU.Build.0 = Nsis|Any CPU
		{A625BE88-0000-0000-0000-000000000000}.Release|Any CPU.ActiveCfg = Release|Any CPU
		{A625BE88-0000-0000-0000-000000000000}.Release|Any CPU.Build.0 = Release|Any CPU
		{F6E5AC35-2F3A-4EC8-A144-CC275F2A64F4}.Debug|Any CPU.ActiveCfg = Debug|Any CPU
		{F6E5AC35-2F3A-4EC8-A144-CC275F2A64F4}.Debug|Any CPU.Build.0 = Debug|Any CPU
		{F6E5AC35-2F3A-4EC8-A144-CC275F2A64F4}.Documentation|Any CPU.ActiveCfg = Debug|Any CPU
		{F6E5AC35-2F3A-4EC8-A144-CC275F2A64F4}.Documentation|Any CPU.Build.0 = Debug|Any CPU
		{F6E5AC35-2F3A-4EC8-A144-CC275F2A64F4}.Nsis|Any CPU.ActiveCfg = Debug|Any CPU
		{F6E5AC35-2F3A-4EC8-A144-CC275F2A64F4}.Nsis|Any CPU.Build.0 = Debug|Any CPU
		{F6E5AC35-2F3A-4EC8-A144-CC275F2A64F4}.Release|Any CPU.ActiveCfg = Release|Any CPU
		{F6E5AC35-2F3A-4EC8-A144-CC275F2A64F4}.Release|Any CPU.Build.0 = Release|Any CPU
		{F8986161-7A55-4C0F-9B4D-B12CD4A3B1B1}.Debug|Any CPU.ActiveCfg = Debug|Any CPU
		{F8986161-7A55-4C0F-9B4D-B12CD4A3B1B1}.Debug|Any CPU.Build.0 = Debug|Any CPU
		{F8986161-7A55-4C0F-9B4D-B12CD4A3B1B1}.Documentation|Any CPU.ActiveCfg = Debug|Any CPU
		{F8986161-7A55-4C0F-9B4D-B12CD4A3B1B1}.Documentation|Any CPU.Build.0 = Debug|Any CPU
		{F8986161-7A55-4C0F-9B4D-B12CD4A3B1B1}.Nsis|Any CPU.ActiveCfg = Debug|Any CPU
		{F8986161-7A55-4C0F-9B4D-B12CD4A3B1B1}.Nsis|Any CPU.Build.0 = Debug|Any CPU
		{F8986161-7A55-4C0F-9B4D-B12CD4A3B1B1}.Release|Any CPU.ActiveCfg = Release|Any CPU
		{F8986161-7A55-4C0F-9B4D-B12CD4A3B1B1}.Release|Any CPU.Build.0 = Release|Any CPU
		{62C0DB35-0000-0000-0000-000000000000}.Debug|Any CPU.ActiveCfg = Debug|Any CPU
		{62C0DB35-0000-0000-0000-000000000000}.Debug|Any CPU.Build.0 = Debug|Any CPU
		{62C0DB35-0000-0000-0000-000000000000}.Documentation|Any CPU.ActiveCfg = Documentation|Any CPU
		{62C0DB35-0000-0000-0000-000000000000}.Nsis|Any CPU.ActiveCfg = Nsis|Any CPU
		{62C0DB35-0000-0000-0000-000000000000}.Nsis|Any CPU.Build.0 = Nsis|Any CPU
		{62C0DB35-0000-0000-0000-000000000000}.Release|Any CPU.ActiveCfg = Release|Any CPU
		{62C0DB35-0000-0000-0000-000000000000}.Release|Any CPU.Build.0 = Release|Any CPU
	EndGlobalSection
	GlobalSection(MonoDevelopProperties) = preSolution
		StartupItem = Source\Generator.Template\Generator.Template.csproj
		Policies = $0
		$0.TextStylePolicy = $1
		$1.inheritsSet = VisualStudio
		$1.inheritsScope = text/plain
		$1.scope = text/x-csharp
		$0.TextStylePolicy = $2
		$2.FileWidth = 120
		$2.TabWidth = 4
		$2.EolMarker = Unix
		$2.inheritsSet = Mono
		$2.inheritsScope = text/plain
		$2.scope = text/plain
		$0.CSharpFormattingPolicy = $3
		$3.IndentSwitchBody = True
		$3.AnonymousMethodBraceStyle = NextLine
		$3.PropertyBraceStyle = NextLine
		$3.PropertyGetBraceStyle = NextLine
		$3.PropertySetBraceStyle = NextLine
		$3.EventBraceStyle = NextLine
		$3.EventAddBraceStyle = NextLine
		$3.EventRemoveBraceStyle = NextLine
		$3.StatementBraceStyle = NextLine
		$3.ArrayInitializerBraceStyle = NextLine
		$3.BeforeMethodDeclarationParentheses = False
		$3.BeforeMethodCallParentheses = False
		$3.BeforeConstructorDeclarationParentheses = False
		$3.BeforeDelegateDeclarationParentheses = False
		$3.NewParentheses = False
		$3.inheritsSet = Mono
		$3.inheritsScope = text/x-csharp
		$3.scope = text/x-csharp
		$0.StandardHeader = $4
		$4.Text = 
		$4.IncludeInNewFiles = True
	EndGlobalSection
	GlobalSection(SolutionProperties) = preSolution
		HideSolutionNode = FALSE
	EndGlobalSection
EndGlobal
